{
  "nodes": {
    "disko": {
      "inputs": {
        "nixpkgs": [
          "nixpkgs"
        ]
      },
      "locked": {
        "lastModified": 1687134796,
        "narHash": "sha256-gjBAkEtNPMQzqK4IHjTQBUv3VhggszOHLJbhXZy0OVQ=",
        "owner": "nix-community",
        "repo": "disko",
        "rev": "4823509bb3b014dc85abefc13efcfa076d36338a",
        "type": "github"
      },
      "original": {
        "owner": "nix-community",
        "repo": "disko",
        "type": "github"
      }
    },
    "nixpkgs": {
      "locked": {
        "lastModified": 1687079543,
        "narHash": "sha256-OouefK6nDWpQ7KyxrY/X3I0u6r9lHU5+PpN+gPbiuAI=",
        "owner": "NixOS",
        "repo": "nixpkgs",
        "rev": "6069d0b4972eb6c7b0c4b29cf9d19d91edce742f",
        "type": "github"
      },
      "original": {
        "owner": "NixOS",
        "ref": "nixos-unstable-small",
        "repo": "nixpkgs",
        "type": "github"
      }
    },
    "root": {
      "inputs": {
        "disko": "disko",
        "nixpkgs": [
          "srvos",
          "nixpkgs"
        ],
        "srvos": "srvos"
      }
    },
    "srvos": {
      "inputs": {
        "nixpkgs": "nixpkgs"
      },
      "locked": {
        "lastModified": 1687182112,
        "narHash": "sha256-jVyH9G7HxIVHuQ4Qpz5QZQBeudQoAkf028P1RVeNY9w=",
        "owner": "numtide",
        "repo": "srvos",
        "rev": "07b386ccc438aa1b605af4c4c58cfee0e8d85a64",
        "type": "github"
      },
      "original": {
        "owner": "numtide",
        "repo": "srvos",
        "type": "github"
      }
    }
  },
  "root": "root",
  "version": 7
}
